// !$*UTF8*$!
{
	archiveVersion = 1;
	classes = {
	};
	objectVersion = 50;
	objects = {

/* Begin PBXBuildFile section */
		BCC6F266270E6FFF002E02F8 /* AppDelegate.swift in Sources */ = {isa = PBXBuildFile; fileRef = BCC6F265270E6FFF002E02F8 /* AppDelegate.swift */; };
		BCC6F268270E6FFF002E02F8 /* SceneDelegate.swift in Sources */ = {isa = PBXBuildFile; fileRef = BCC6F267270E6FFF002E02F8 /* SceneDelegate.swift */; };
		BCC6F26A270E6FFF002E02F8 /* ViewController.swift in Sources */ = {isa = PBXBuildFile; fileRef = BCC6F269270E6FFF002E02F8 /* ViewController.swift */; };
		BCC6F26D270E6FFF002E02F8 /* Main.storyboard in Resources */ = {isa = PBXBuildFile; fileRef = BCC6F26B270E6FFF002E02F8 /* Main.storyboard */; };
		BCC6F26F270E7000002E02F8 /* Assets.xcassets in Resources */ = {isa = PBXBuildFile; fileRef = BCC6F26E270E7000002E02F8 /* Assets.xcassets */; };
		BCC6F272270E7000002E02F8 /* LaunchScreen.storyboard in Resources */ = {isa = PBXBuildFile; fileRef = BCC6F270270E7000002E02F8 /* LaunchScreen.storyboard */; };
		BCC6F27D270E7000002E02F8 /* LearningStoryboardTests.swift in Sources */ = {isa = PBXBuildFile; fileRef = BCC6F27C270E7000002E02F8 /* LearningStoryboardTests.swift */; };
		BCC6F288270E7000002E02F8 /* LearningStoryboardUITests.swift in Sources */ = {isa = PBXBuildFile; fileRef = BCC6F287270E7000002E02F8 /* LearningStoryboardUITests.swift */; };
/* End PBXBuildFile section */

/* Begin PBXContainerItemProxy section */
		BCC6F279270E7000002E02F8 /* PBXContainerItemProxy */ = {
			isa = PBXContainerItemProxy;
			containerPortal = BCC6F25A270E6FFE002E02F8 /* Project object */;
			proxyType = 1;
			remoteGlobalIDString = BCC6F261270E6FFE002E02F8;
			remoteInfo = LearningStoryboard;
		};
		BCC6F284270E7000002E02F8 /* PBXContainerItemProxy */ = {
			isa = PBXContainerItemProxy;
			containerPortal = BCC6F25A270E6FFE002E02F8 /* Project object */;
			proxyType = 1;
			remoteGlobalIDString = BCC6F261270E6FFE002E02F8;
			remoteInfo = LearningStoryboard;
		};
/* End PBXContainerItemProxy section */

/* Begin PBXFileReference section */
		BCC6F262270E6FFE002E02F8 /* LearningStoryboard.app */ = {isa = PBXFileReference; explicitFileType = wrapper.application; includeInIndex = 0; path = LearningStoryboard.app; sourceTree = BUILT_PRODUCTS_DIR; };
		BCC6F265270E6FFF002E02F8 /* AppDelegate.swift */ = {isa = PBXFileReference; lastKnownFileType = sourcecode.swift; path = AppDelegate.swift; sourceTree = "<group>"; };
		BCC6F267270E6FFF002E02F8 /* SceneDelegate.swift */ = {isa = PBXFileReference; lastKnownFileType = sourcecode.swift; path = SceneDelegate.swift; sourceTree = "<group>"; };
		BCC6F269270E6FFF002E02F8 /* ViewController.swift */ = {isa = PBXFileReference; lastKnownFileType = sourcecode.swift; path = ViewController.swift; sourceTree = "<group>"; };
		BCC6F26C270E6FFF002E02F8 /* Base */ = {isa = PBXFileReference; lastKnownFileType = file.storyboard; name = Base; path = Base.lproj/Main.storyboard; sourceTree = "<group>"; };
		BCC6F26E270E7000002E02F8 /* Assets.xcassets */ = {isa = PBXFileReference; lastKnownFileType = folder.assetcatalog; path = Assets.xcassets; sourceTree = "<group>"; };
		BCC6F271270E7000002E02F8 /* Base */ = {isa = PBXFileReference; lastKnownFileType = file.storyboard; name = Base; path = Base.lproj/LaunchScreen.storyboard; sourceTree = "<group>"; };
		BCC6F273270E7000002E02F8 /* Info.plist */ = {isa = PBXFileReference; lastKnownFileType = text.plist.xml; path = Info.plist; sourceTree = "<group>"; };
		BCC6F278270E7000002E02F8 /* LearningStoryboardTests.xctest */ = {isa = PBXFileReference; explicitFileType = wrapper.cfbundle; includeInIndex = 0; path = LearningStoryboardTests.xctest; sourceTree = BUILT_PRODUCTS_DIR; };
		BCC6F27C270E7000002E02F8 /* LearningStoryboardTests.swift */ = {isa = PBXFileReference; lastKnownFileType = sourcecode.swift; path = LearningStoryboardTests.swift; sourceTree = "<group>"; };
		BCC6F27E270E7000002E02F8 /* Info.plist */ = {isa = PBXFileReference; lastKnownFileType = text.plist.xml; path = Info.plist; sourceTree = "<group>"; };
		BCC6F283270E7000002E02F8 /* LearningStoryboardUITests.xctest */ = {isa = PBXFileReference; explicitFileType = wrapper.cfbundle; includeInIndex = 0; path = LearningStoryboardUITests.xctest; sourceTree = BUILT_PRODUCTS_DIR; };
		BCC6F287270E7000002E02F8 /* LearningStoryboardUITests.swift */ = {isa = PBXFileReference; lastKnownFileType = sourcecode.swift; path = LearningStoryboardUITests.swift; sourceTree = "<group>"; };
		BCC6F289270E7000002E02F8 /* Info.plist */ = {isa = PBXFileReference; lastKnownFileType = text.plist.xml; path = Info.plist; sourceTree = "<group>"; };
/* End PBXFileReference section */

/* Begin PBXFrameworksBuildPhase section */
		BCC6F25F270E6FFE002E02F8 /* Frameworks */ = {
			isa = PBXFrameworksBuildPhase;
			buildActionMask = 2147483647;
			files = (
			);
			runOnlyForDeploymentPostprocessing = 0;
		};
		BCC6F275270E7000002E02F8 /* Frameworks */ = {
			isa = PBXFrameworksBuildPhase;
			buildActionMask = 2147483647;
			files = (
			);
			runOnlyForDeploymentPostprocessing = 0;
		};
		BCC6F280270E7000002E02F8 /* Frameworks */ = {
			isa = PBXFrameworksBuildPhase;
			buildActionMask = 2147483647;
			files = (
			);
			runOnlyForDeploymentPostprocessing = 0;
		};
/* End PBXFrameworksBuildPhase section */

/* Begin PBXGroup section */
		BCC6F259270E6FFE002E02F8 = {
			isa = PBXGroup;
			children = (
				BCC6F264270E6FFE002E02F8 /* LearningStoryboard */,
				BCC6F27B270E7000002E02F8 /* LearningStoryboardTests */,
				BCC6F286270E7000002E02F8 /* LearningStoryboardUITests */,
				BCC6F263270E6FFE002E02F8 /* Products */,
			);
			sourceTree = "<group>";
		};
		BCC6F263270E6FFE002E02F8 /* Products */ = {
			isa = PBXGroup;
			children = (
				BCC6F262270E6FFE002E02F8 /* LearningStoryboard.app */,
				BCC6F278270E7000002E02F8 /* LearningStoryboardTests.xctest */,
				BCC6F283270E7000002E02F8 /* LearningStoryboardUITests.xctest */,
			);
			name = Products;
			sourceTree = "<group>";
		};
		BCC6F264270E6FFE002E02F8 /* LearningStoryboard */ = {
			isa = PBXGroup;
			children = (
				BCC6F265270E6FFF002E02F8 /* AppDelegate.swift */,
				BCC6F267270E6FFF002E02F8 /* SceneDelegate.swift */,
				BCC6F269270E6FFF002E02F8 /* ViewController.swift */,
				BCC6F26B270E6FFF002E02F8 /* Main.storyboard */,
				BCC6F26E270E7000002E02F8 /* Assets.xcassets */,
				BCC6F270270E7000002E02F8 /* LaunchScreen.storyboard */,
				BCC6F273270E7000002E02F8 /* Info.plist */,
			);
			path = LearningStoryboard;
			sourceTree = "<group>";
		};
		BCC6F27B270E7000002E02F8 /* LearningStoryboardTests */ = {
			isa = PBXGroup;
			children = (
				BCC6F27C270E7000002E02F8 /* LearningStoryboardTests.swift */,
				BCC6F27E270E7000002E02F8 /* Info.plist */,
			);
			path = LearningStoryboardTests;
			sourceTree = "<group>";
		};
		BCC6F286270E7000002E02F8 /* LearningStoryboardUITests */ = {
			isa = PBXGroup;
			children = (
				BCC6F287270E7000002E02F8 /* LearningStoryboardUITests.swift */,
				BCC6F289270E7000002E02F8 /* Info.plist */,
			);
			path = LearningStoryboardUITests;
			sourceTree = "<group>";
		};
/* End PBXGroup section */

/* Begin PBXNativeTarget section */
		BCC6F261270E6FFE002E02F8 /* LearningStoryboard */ = {
			isa = PBXNativeTarget;
			buildConfigurationList = BCC6F28C270E7000002E02F8 /* Build configuration list for PBXNativeTarget "LearningStoryboard" */;
			buildPhases = (
				BCC6F25E270E6FFE002E02F8 /* Sources */,
				BCC6F25F270E6FFE002E02F8 /* Frameworks */,
				BCC6F260270E6FFE002E02F8 /* Resources */,
			);
			buildRules = (
			);
			dependencies = (
			);
			name = LearningStoryboard;
			productName = LearningStoryboard;
			productReference = BCC6F262270E6FFE002E02F8 /* LearningStoryboard.app */;
			productType = "com.apple.product-type.application";
		};
		BCC6F277270E7000002E02F8 /* LearningStoryboardTests */ = {
			isa = PBXNativeTarget;
			buildConfigurationList = BCC6F28F270E7000002E02F8 /* Build configuration list for PBXNativeTarget "LearningStoryboardTests" */;
			buildPhases = (
				BCC6F274270E7000002E02F8 /* Sources */,
				BCC6F275270E7000002E02F8 /* Frameworks */,
				BCC6F276270E7000002E02F8 /* Resources */,
			);
			buildRules = (
			);
			dependencies = (
				BCC6F27A270E7000002E02F8 /* PBXTargetDependency */,
			);
			name = LearningStoryboardTests;
			productName = LearningStoryboardTests;
			productReference = BCC6F278270E7000002E02F8 /* LearningStoryboardTests.xctest */;
			productType = "com.apple.product-type.bundle.unit-test";
		};
		BCC6F282270E7000002E02F8 /* LearningStoryboardUITests */ = {
			isa = PBXNativeTarget;
			buildConfigurationList = BCC6F292270E7000002E02F8 /* Build configuration list for PBXNativeTarget "LearningStoryboardUITests" */;
			buildPhases = (
				BCC6F27F270E7000002E02F8 /* Sources */,
				BCC6F280270E7000002E02F8 /* Frameworks */,
				BCC6F281270E7000002E02F8 /* Resources */,
			);
			buildRules = (
			);
			dependencies = (
				BCC6F285270E7000002E02F8 /* PBXTargetDependency */,
			);
			name = LearningStoryboardUITests;
			productName = LearningStoryboardUITests;
			productReference = BCC6F283270E7000002E02F8 /* LearningStoryboardUITests.xctest */;
			productType = "com.apple.product-type.bundle.ui-testing";
		};
/* End PBXNativeTarget section */

/* Begin PBXProject section */
		BCC6F25A270E6FFE002E02F8 /* Project object */ = {
			isa = PBXProject;
			attributes = {
				LastSwiftUpdateCheck = 1250;
				LastUpgradeCheck = 1250;
				TargetAttributes = {
					BCC6F261270E6FFE002E02F8 = {
						CreatedOnToolsVersion = 12.5.1;
					};
					BCC6F277270E7000002E02F8 = {
						CreatedOnToolsVersion = 12.5.1;
						TestTargetID = BCC6F261270E6FFE002E02F8;
					};
					BCC6F282270E7000002E02F8 = {
						CreatedOnToolsVersion = 12.5.1;
						TestTargetID = BCC6F261270E6FFE002E02F8;
					};
				};
			};
			buildConfigurationList = BCC6F25D270E6FFE002E02F8 /* Build configuration list for PBXProject "LearningStoryboard" */;
			compatibilityVersion = "Xcode 9.3";
			developmentRegion = en;
			hasScannedForEncodings = 0;
			knownRegions = (
				en,
				Base,
			);
			mainGroup = BCC6F259270E6FFE002E02F8;
			productRefGroup = BCC6F263270E6FFE002E02F8 /* Products */;
			projectDirPath = "";
			projectRoot = "";
			targets = (
				BCC6F261270E6FFE002E02F8 /* LearningStoryboard */,
				BCC6F277270E7000002E02F8 /* LearningStoryboardTests */,
				BCC6F282270E7000002E02F8 /* LearningStoryboardUITests */,
			);
		};
/* End PBXProject section */

/* Begin PBXResourcesBuildPhase section */
		BCC6F260270E6FFE002E02F8 /* Resources */ = {
			isa = PBXResourcesBuildPhase;
			buildActionMask = 2147483647;
			files = (
				BCC6F272270E7000002E02F8 /* LaunchScreen.storyboard in Resources */,
				BCC6F26F270E7000002E02F8 /* Assets.xcassets in Resources */,
				BCC6F26D270E6FFF002E02F8 /* Main.storyboard in Resources */,
			);
			runOnlyForDeploymentPostprocessing = 0;
		};
		BCC6F276270E7000002E02F8 /* Resources */ = {
			isa = PBXResourcesBuildPhase;
			buildActionMask = 2147483647;
			files = (
			);
			runOnlyForDeploymentPostprocessing = 0;
		};
		BCC6F281270E7000002E02F8 /* Resources */ = {
			isa = PBXResourcesBuildPhase;
			buildActionMask = 2147483647;
			files = (
			);
			runOnlyForDeploymentPostprocessing = 0;
		};
/* End PBXResourcesBuildPhase section */

/* Begin PBXSourcesBuildPhase section */
		BCC6F25E270E6FFE002E02F8 /* Sources */ = {
			isa = PBXSourcesBuildPhase;
			buildActionMask = 2147483647;
			files = (
				BCC6F26A270E6FFF002E02F8 /* ViewController.swift in Sources */,
				BCC6F266270E6FFF002E02F8 /* AppDelegate.swift in Sources */,
				BCC6F268270E6FFF002E02F8 /* SceneDelegate.swift in Sources */,
			);
			runOnlyForDeploymentPostprocessing = 0;
		};
		BCC6F274270E7000002E02F8 /* Sources */ = {
			isa = PBXSourcesBuildPhase;
			buildActionMask = 2147483647;
			files = (
				BCC6F27D270E7000002E02F8 /* LearningStoryboardTests.swift in Sources */,
			);
			runOnlyForDeploymentPostprocessing = 0;
		};
		BCC6F27F270E7000002E02F8 /* Sources */ = {
			isa = PBXSourcesBuildPhase;
			buildActionMask = 2147483647;
			files = (
				BCC6F288270E7000002E02F8 /* LearningStoryboardUITests.swift in Sources */,
			);
			runOnlyForDeploymentPostprocessing = 0;
		};
/* End PBXSourcesBuildPhase section */

/* Begin PBXTargetDependency section */
		BCC6F27A270E7000002E02F8 /* PBXTargetDependency */ = {
			isa = PBXTargetDependency;
			target = BCC6F261270E6FFE002E02F8 /* LearningStoryboard */;
			targetProxy = BCC6F279270E7000002E02F8 /* PBXContainerItemProxy */;
		};
		BCC6F285270E7000002E02F8 /* PBXTargetDependency */ = {
			isa = PBXTargetDependency;
			target = BCC6F261270E6FFE002E02F8 /* LearningStoryboard */;
			targetProxy = BCC6F284270E7000002E02F8 /* PBXContainerItemProxy */;
		};
/* End PBXTargetDependency section */

/* Begin PBXVariantGroup section */
		BCC6F26B270E6FFF002E02F8 /* Main.storyboard */ = {
			isa = PBXVariantGroup;
			children = (
				BCC6F26C270E6FFF002E02F8 /* Base */,
			);
			name = Main.storyboard;
			sourceTree = "<group>";
		};
		BCC6F270270E7000002E02F8 /* LaunchScreen.storyboard */ = {
			isa = PBXVariantGroup;
			children = (
				BCC6F271270E7000002E02F8 /* Base */,
			);
			name = LaunchScreen.storyboard;
			sourceTree = "<group>";
		};
/* End PBXVariantGroup section */

/* Begin XCBuildConfiguration section */
		BCC6F28A270E7000002E02F8 /* Debug */ = {
			isa = XCBuildConfiguration;
			buildSettings = {
				ALWAYS_SEARCH_USER_PATHS = NO;
				CLANG_ANALYZER_NONNULL = YES;
				CLANG_ANALYZER_NUMBER_OBJECT_CONVERSION = YES_AGGRESSIVE;
				CLANG_CXX_LANGUAGE_STANDARD = "gnu++14";
				CLANG_CXX_LIBRARY = "libc++";
				CLANG_ENABLE_MODULES = YES;
				CLANG_ENABLE_OBJC_ARC = YES;
				CLANG_ENABLE_OBJC_WEAK = YES;
				CLANG_WARN_BLOCK_CAPTURE_AUTORELEASING = YES;
				CLANG_WARN_BOOL_CONVERSION = YES;
				CLANG_WARN_COMMA = YES;
				CLANG_WARN_CONSTANT_CONVERSION = YES;
				CLANG_WARN_DEPRECATED_OBJC_IMPLEMENTATIONS = YES;
				CLANG_WARN_DIRECT_OBJC_ISA_USAGE = YES_ERROR;
				CLANG_WARN_DOCUMENTATION_COMMENTS = YES;
				CLANG_WARN_EMPTY_BODY = YES;
				CLANG_WARN_ENUM_CONVERSION = YES;
				CLANG_WARN_INFINITE_RECURSION = YES;
				CLANG_WARN_INT_CONVERSION = YES;
				CLANG_WARN_NON_LITERAL_NULL_CONVERSION = YES;
				CLANG_WARN_OBJC_IMPLICIT_RETAIN_SELF = YES;
				CLANG_WARN_OBJC_LITERAL_CONVERSION = YES;
				CLANG_WARN_OBJC_ROOT_CLASS = YES_ERROR;
				CLANG_WARN_QUOTED_INCLUDE_IN_FRAMEWORK_HEADER = YES;
				CLANG_WARN_RANGE_LOOP_ANALYSIS = YES;
				CLANG_WARN_STRICT_PROTOTYPES = YES;
				CLANG_WARN_SUSPICIOUS_MOVE = YES;
				CLANG_WARN_UNGUARDED_AVAILABILITY = YES_AGGRESSIVE;
				CLANG_WARN_UNREACHABLE_CODE = YES;
				CLANG_WARN__DUPLICATE_METHOD_MATCH = YES;
				COPY_PHASE_STRIP = NO;
				DEBUG_INFORMATION_FORMAT = dwarf;
				ENABLE_STRICT_OBJC_MSGSEND = YES;
				ENABLE_TESTABILITY = YES;
				GCC_C_LANGUAGE_STANDARD = gnu11;
				GCC_DYNAMIC_NO_PIC = NO;
				GCC_NO_COMMON_BLOCKS = YES;
				GCC_OPTIMIZATION_LEVEL = 0;
				GCC_PREPROCESSOR_DEFINITIONS = (
					"DEBUG=1",
					"$(inherited)",
				);
				GCC_WARN_64_TO_32_BIT_CONVERSION = YES;
				GCC_WARN_ABOUT_RETURN_TYPE = YES_ERROR;
				GCC_WARN_UNDECLARED_SELECTOR = YES;
				GCC_WARN_UNINITIALIZED_AUTOS = YES_AGGRESSIVE;
				GCC_WARN_UNUSED_FUNCTION = YES;
				GCC_WARN_UNUSED_VARIABLE = YES;
				IPHONEOS_DEPLOYMENT_TARGET = 14.5;
				MTL_ENABLE_DEBUG_INFO = INCLUDE_SOURCE;
				MTL_FAST_MATH = YES;
				ONLY_ACTIVE_ARCH = YES;
				SDKROOT = iphoneos;
				SWIFT_ACTIVE_COMPILATION_CONDITIONS = DEBUG;
				SWIFT_OPTIMIZATION_LEVEL = "-Onone";
			};
			name = Debug;
		};
		BCC6F28B270E7000002E02F8 /* Release */ = {
			isa = XCBuildConfiguration;
			buildSettings = {
				ALWAYS_SEARCH_USER_PATHS = NO;
				CLANG_ANALYZER_NONNULL = YES;
				CLANG_ANALYZER_NUMBER_OBJECT_CONVERSION = YES_AGGRESSIVE;
				CLANG_CXX_LANGUAGE_STANDARD = "gnu++14";
				CLANG_CXX_LIBRARY = "libc++";
				CLANG_ENABLE_MODULES = YES;
				CLANG_ENABLE_OBJC_ARC = YES;
				CLANG_ENABLE_OBJC_WEAK = YES;
				CLANG_WARN_BLOCK_CAPTURE_AUTORELEASING = YES;
				CLANG_WARN_BOOL_CONVERSION = YES;
				CLANG_WARN_COMMA = YES;
				CLANG_WARN_CONSTANT_CONVERSION = YES;
				CLANG_WARN_DEPRECATED_OBJC_IMPLEMENTATIONS = YES;
				CLANG_WARN_DIRECT_OBJC_ISA_USAGE = YES_ERROR;
				CLANG_WARN_DOCUMENTATION_COMMENTS = YES;
				CLANG_WARN_EMPTY_BODY = YES;
				CLANG_WARN_ENUM_CONVERSION = YES;
				CLANG_WARN_INFINITE_RECURSION = YES;
				CLANG_WARN_INT_CONVERSION = YES;
				CLANG_WARN_NON_LITERAL_NULL_CONVERSION = YES;
				CLANG_WARN_OBJC_IMPLICIT_RETAIN_SELF = YES;
				CLANG_WARN_OBJC_LITERAL_CONVERSION = YES;
				CLANG_WARN_OBJC_ROOT_CLASS = YES_ERROR;
				CLANG_WARN_QUOTED_INCLUDE_IN_FRAMEWORK_HEADER = YES;
				CLANG_WARN_RANGE_LOOP_ANALYSIS = YES;
				CLANG_WARN_STRICT_PROTOTYPES = YES;
				CLANG_WARN_SUSPICIOUS_MOVE = YES;
				CLANG_WARN_UNGUARDED_AVAILABILITY = YES_AGGRESSIVE;
				CLANG_WARN_UNREACHABLE_CODE = YES;
				CLANG_WARN__DUPLICATE_METHOD_MATCH = YES;
				COPY_PHASE_STRIP = NO;
				DEBUG_INFORMATION_FORMAT = "dwarf-with-dsym";
				ENABLE_NS_ASSERTIONS = NO;
				ENABLE_STRICT_OBJC_MSGSEND = YES;
				GCC_C_LANGUAGE_STANDARD = gnu11;
				GCC_NO_COMMON_BLOCKS = YES;
				GCC_WARN_64_TO_32_BIT_CONVERSION = YES;
				GCC_WARN_ABOUT_RETURN_TYPE = YES_ERROR;
				GCC_WARN_UNDECLARED_SELECTOR = YES;
				GCC_WARN_UNINITIALIZED_AUTOS = YES_AGGRESSIVE;
				GCC_WARN_UNUSED_FUNCTION = YES;
				GCC_WARN_UNUSED_VARIABLE = YES;
				IPHONEOS_DEPLOYMENT_TARGET = 14.5;
				MTL_ENABLE_DEBUG_INFO = NO;
				MTL_FAST_MATH = YES;
				SDKROOT = iphoneos;
				SWIFT_COMPILATION_MODE = wholemodule;
				SWIFT_OPTIMIZATION_LEVEL = "-O";
				VALIDATE_PRODUCT = YES;
			};
			name = Release;
		};
		BCC6F28D270E7000002E02F8 /* Debug */ = {
			isa = XCBuildConfiguration;
			buildSettings = {
				ASSETCATALOG_COMPILER_APPICON_NAME = AppIcon;
				ASSETCATALOG_COMPILER_GLOBAL_ACCENT_COLOR_NAME = AccentColor;
				CODE_SIGN_STYLE = Automatic;
				DEVELOPMENT_TEAM = MR42Y7HGWG;
				INFOPLIST_FILE = LearningStoryboard/Info.plist;
				LD_RUNPATH_SEARCH_PATHS = (
					"$(inherited)",
					"@executable_path/Frameworks",
				);
				PRODUCT_BUNDLE_IDENTIFIER = AdhilAkbar.LearningStoryboard;
				PRODUCT_NAME = "$(TARGET_NAME)";
				SWIFT_VERSION = 5.0;
				TARGETED_DEVICE_FAMILY = "1,2";
			};
			name = Debug;
		};
		BCC6F28E270E7000002E02F8 /* Release */ = {
			isa = XCBuildConfiguration;
			buildSettings = {
				ASSETCATALOG_COMPILER_APPICON_NAME = AppIcon;
				ASSETCATALOG_COMPILER_GLOBAL_ACCENT_COLOR_NAME = AccentColor;
				CODE_SIGN_STYLE = Automatic;
				DEVELOPMENT_TEAM = MR42Y7HGWG;
				INFOPLIST_FILE = LearningStoryboard/Info.plist;
				LD_RUNPATH_SEARCH_PATHS = (
					"$(inherited)",
					"@executable_path/Frameworks",
				);
				PRODUCT_BUNDLE_IDENTIFIER = AdhilAkbar.LearningStoryboard;
				PRODUCT_NAME = "$(TARGET_NAME)";
				SWIFT_VERSION = 5.0;
				TARGETED_DEVICE_FAMILY = "1,2";
			};
			name = Release;
		};
		BCC6F290270E7000002E02F8 /* Debug */ = {
			isa = XCBuildConfiguration;
			buildSettings = {
				ALWAYS_EMBED_SWIFT_STANDARD_LIBRARIES = YES;
				BUNDLE_LOADER = "$(TEST_HOST)";
				CODE_SIGN_STYLE = Automatic;
				DEVELOPMENT_TEAM = MR42Y7HGWG;
				INFOPLIST_FILE = LearningStoryboardTests/Info.plist;
				IPHONEOS_DEPLOYMENT_TARGET = 14.5;
				LD_RUNPATH_SEARCH_PATHS = (
					"$(inherited)",
					"@executable_path/Frameworks",
					"@loader_path/Frameworks",
				);
				PRODUCT_BUNDLE_IDENTIFIER = AdhilAkbar.LearningStoryboardTests;
				PRODUCT_NAME = "$(TARGET_NAME)";
				SWIFT_VERSION = 5.0;
				TARGETED_DEVICE_FAMILY = "1,2";
				TEST_HOST = "$(BUILT_PRODUCTS_DIR)/LearningStoryboard.app/LearningStoryboard";
			};
			name = Debug;
		};
		BCC6F291270E7000002E02F8 /* Release */ = {
			isa = XCBuildConfiguration;
			buildSettings = {
				ALWAYS_EMBED_SWIFT_STANDARD_LIBRARIES = YES;
				BUNDLE_LOADER = "$(TEST_HOST)";
				CODE_SIGN_STYLE = Automatic;
				DEVELOPMENT_TEAM = MR42Y7HGWG;
				INFOPLIST_FILE = LearningStoryboardTests/Info.plist;
				IPHONEOS_DEPLOYMENT_TARGET = 14.5;
				LD_RUNPATH_SEARCH_PATHS = (
					"$(inherited)",
					"@executable_path/Frameworks",
					"@loader_path/Frameworks",
				);
				PRODUCT_BUNDLE_IDENTIFIER = AdhilAkbar.LearningStoryboardTests;
				PRODUCT_NAME = "$(TARGET_NAME)";
				SWIFT_VERSION = 5.0;
				TARGETED_DEVICE_FAMILY = "1,2";
				TEST_HOST = "$(BUILT_PRODUCTS_DIR)/LearningStoryboard.app/LearningStoryboard";
			};
			name = Release;
		};
		BCC6F293270E7000002E02F8 /* Debug */ = {
			isa = XCBuildConfiguration;
			buildSettings = {
				ALWAYS_EMBED_SWIFT_STANDARD_LIBRARIES = YES;
				CODE_SIGN_STYLE = Automatic;
				DEVELOPMENT_TEAM = MR42Y7HGWG;
				INFOPLIST_FILE = LearningStoryboardUITests/Info.plist;
				LD_RUNPATH_SEARCH_PATHS = (
					"$(inherited)",
					"@executable_path/Frameworks",
					"@loader_path/Frameworks",
				);
				PRODUCT_BUNDLE_IDENTIFIER = AdhilAkbar.LearningStoryboardUITests;
				PRODUCT_NAME = "$(TARGET_NAME)";
				SWIFT_VERSION = 5.0;
				TARGETED_DEVICE_FAMILY = "1,2";
				TEST_TARGET_NAME = LearningStoryboard;
			};
			name = Debug;
		};
		BCC6F294270E7000002E02F8 /* Release */ = {
			isa = XCBuildConfiguration;
			buildSettings = {
				ALWAYS_EMBED_SWIFT_STANDARD_LIBRARIES = YES;
				CODE_SIGN_STYLE = Automatic;
				DEVELOPMENT_TEAM = MR42Y7HGWG;
				INFOPLIST_FILE = LearningStoryboardUITests/Info.plist;
				LD_RUNPATH_SEARCH_PATHS = (
					"$(inherited)",
					"@executable_path/Frameworks",
					"@loader_path/Frameworks",
				);
				PRODUCT_BUNDLE_IDENTIFIER = AdhilAkbar.LearningStoryboardUITests;
				PRODUCT_NAME = "$(TARGET_NAME)";
				SWIFT_VERSION = 5.0;
				TARGETED_DEVICE_FAMILY = "1,2";
				TEST_TARGET_NAME = LearningStoryboard;
			};
			name = Release;
		};
/* End XCBuildConfiguration section */

/* Begin XCConfigurationList section */
		BCC6F25D270E6FFE002E02F8 /* Build configuration list for PBXProject "LearningStoryboard" */ = {
			isa = XCConfigurationList;
			buildConfigurations = (
				BCC6F28A270E7000002E02F8 /* Debug */,
				BCC6F28B270E7000002E02F8 /* Release */,
			);
			defaultConfigurationIsVisible = 0;
			defaultConfigurationName = Release;
		};
		BCC6F28C270E7000002E02F8 /* Build configuration list for PBXNativeTarget "LearningStoryboard" */ = {
			isa = XCConfigurationList;
			buildConfigurations = (
				BCC6F28D270E7000002E02F8 /* Debug */,
				BCC6F28E270E7000002E02F8 /* Release */,
			);
			defaultConfigurationIsVisible = 0;
			defaultConfigurationName = Release;
		};
		BCC6F28F270E7000002E02F8 /* Build configuration list for PBXNativeTarget "LearningStoryboardTests" */ = {
			isa = XCConfigurationList;
			buildConfigurations = (
				BCC6F290270E7000002E02F8 /* Debug */,
				BCC6F291270E7000002E02F8 /* Release */,
			);
			defaultConfigurationIsVisible = 0;
			defaultConfigurationName = Release;
		};
		BCC6F292270E7000002E02F8 /* Build configuration list for PBXNativeTarget "LearningStoryboardUITests" */ = {
			isa = XCConfigurationList;
			buildConfigurations = (
				BCC6F293270E7000002E02F8 /* Debug */,
				BCC6F294270E7000002E02F8 /* Release */,
			);
			defaultConfigurationIsVisible = 0;
			defaultConfigurationName = Release;
		};
/* End XCConfigurationList section */
	};
	rootObject = BCC6F25A270E6FFE002E02F8 /* Project object */;
}
